
Microsoft Visual Studio Solution File, Format Version 12.00
# Visual Studio Version 17
VisualStudioVersion = 17.8.34511.84
MinimumVisualStudioVersion = 10.0.40219.1
Project("{FAE04EC0-301F-11D3-BF4B-00C04F79EFBC}") = "SmartEats", "SmartEats\SmartEats.csproj", "{E39315EF-AF5E-4354-A2A2-F96ADA541E20}"
EndProject
Project("{E53339B2-1760-4266-BCC7-CA923CBCF16C}") = "docker-compose", "docker-compose.dcproj", "{04FC5CEE-48C9-4D35-91C1-96147331D071}"
EndProject
Global
	GlobalSection(SolutionConfigurationPlatforms) = preSolution
		Debug|Any CPU = Debug|Any CPU
		Release|Any CPU = Release|Any CPU
	EndGlobalSection
	GlobalSection(ProjectConfigurationPlatforms) = postSolution
		{E39315EF-AF5E-4354-A2A2-F96ADA541E20}.Debug|Any CPU.ActiveCfg = Debug|Any CPU
		{E39315EF-AF5E-4354-A2A2-F96ADA541E20}.Debug|Any CPU.Build.0 = Debug|Any CPU
		{E39315EF-AF5E-4354-A2A2-F96ADA541E20}.Release|Any CPU.ActiveCfg = Release|Any CPU
		{E39315EF-AF5E-4354-A2A2-F96ADA541E20}.Release|Any CPU.Build.0 = Release|Any CPU
		{04FC5CEE-48C9-4D35-91C1-96147331D071}.Debug|Any CPU.ActiveCfg = Debug|Any CPU
		{04FC5CEE-48C9-4D35-91C1-96147331D071}.Debug|Any CPU.Build.0 = Debug|Any CPU
		{04FC5CEE-48C9-4D35-91C1-96147331D071}.Release|Any CPU.ActiveCfg = Release|Any CPU
		{04FC5CEE-48C9-4D35-91C1-96147331D071}.Release|Any CPU.Build.0 = Release|Any CPU
	EndGlobalSection
	GlobalSection(SolutionProperties) = preSolution
		HideSolutionNode = FALSE
	EndGlobalSection
	GlobalSection(ExtensibilityGlobals) = postSolution
		SolutionGuid = {3BE5334D-ABF0-473F-9533-321BD1BDDDD7}
	EndGlobalSection
EndGlobal
